
Microsoft Visual Studio Solution File, Format Version 12.00
# Visual Studio 2013
VisualStudioVersion = 12.0.40629.0
MinimumVisualStudioVersion = 10.0.40219.1
Project("{FAE04EC0-301F-11D3-BF4B-00C04F79EFBC}") = "Lean", "Lean\Lean.csproj", "{31BDC820-853B-434A-998E-43E86137F40E}"
EndProject
Project("{FAE04EC0-301F-11D3-BF4B-00C04F79EFBC}") = "WGX.Common", "WGX.Common\WGX.Common\WGX.Common.csproj", "{30E15AF7-0C1D-4DC6-8C48-706ACD91D20E}"
EndProject
Project("{FAE04EC0-301F-11D3-BF4B-00C04F79EFBC}") = "WGX.Lean.IBiz", "Volunteer.IBiz\WGX.Lean.IBiz.csproj", "{1D62238E-FFC8-4A76-A31B-36060D168F88}"
EndProject
Project("{FAE04EC0-301F-11D3-BF4B-00C04F79EFBC}") = "WGX.Lean.Biz", "Volunteer.Biz\WGX.Lean.Biz.csproj", "{10DFAB03-B7F2-4BA9-A166-FD31C40CB0BB}"
EndProject
Project("{2150E333-8FDC-42A3-9474-1A3956D46DE8}") = "01.WGX.Biz", "01.WGX.Biz", "{A221C305-C97C-4C91-8032-515B1D8801DC}"
EndProject
Project("{2150E333-8FDC-42A3-9474-1A3956D46DE8}") = "02.WGX.Data", "02.WGX.Data", "{FD2F6A51-EA57-41BB-A755-A10F58B05C0A}"
EndProject
Project("{FAE04EC0-301F-11D3-BF4B-00C04F79EFBC}") = "WGX.Lean.BizEntity", "Volunteer.BizEntity\WGX.Lean.BizEntity.csproj", "{40A34062-9CAB-4BC0-A6DF-52A47A7A7FB5}"
EndProject
Project("{2150E333-8FDC-42A3-9474-1A3956D46DE8}") = "03.WGX.Common", "03.WGX.Common", "{F657318D-AF81-465C-A53C-456B8A02E60A}"
EndProject
Project("{2150E333-8FDC-42A3-9474-1A3956D46DE8}") = ".nuget", ".nuget", "{2B29B2C4-6B8C-426C-B9DC-7B411B200A4B}"
	ProjectSection(SolutionItems) = preProject
		.nuget\NuGet.Config = .nuget\NuGet.Config
		.nuget\NuGet.exe = .nuget\NuGet.exe
		.nuget\NuGet.targets = .nuget\NuGet.targets
	EndProjectSection
EndProject
Project("{FAE04EC0-301F-11D3-BF4B-00C04F79EFBC}") = "WGX.Lean.DbEntity", "WGX.Lean.DbEntity\WGX.Lean.DbEntity.csproj", "{C290A4C2-15BD-4DB5-9439-3A1A20ACEB48}"
EndProject
Project("{FAE04EC0-301F-11D3-BF4B-00C04F79EFBC}") = "WGX.Site.Common", "WGX.Site.Common\WGX.Site.Common.csproj", "{9A76FE5F-964B-4994-BD03-02FF55014CFC}"
EndProject
Project("{2150E333-8FDC-42A3-9474-1A3956D46DE8}") = "04.WGX.Lean.Res", "04.WGX.Lean.Res", "{02D7F356-FE5E-4D54-BC61-6F79466AA748}"
EndProject
Project("{FAE04EC0-301F-11D3-BF4B-00C04F79EFBC}") = "EntityRes", "EntityRes\EntityRes.csproj", "{74F6B444-60DE-42C3-A883-41404D5BC0E2}"
EndProject
Global
	GlobalSection(SolutionConfigurationPlatforms) = preSolution
		Debug|Any CPU = Debug|Any CPU
		Release|Any CPU = Release|Any CPU
	EndGlobalSection
	GlobalSection(ProjectConfigurationPlatforms) = postSolution
		{31BDC820-853B-434A-998E-43E86137F40E}.Debug|Any CPU.ActiveCfg = Debug|Any CPU
		{31BDC820-853B-434A-998E-43E86137F40E}.Debug|Any CPU.Build.0 = Debug|Any CPU
		{31BDC820-853B-434A-998E-43E86137F40E}.Release|Any CPU.ActiveCfg = Release|Any CPU
		{31BDC820-853B-434A-998E-43E86137F40E}.Release|Any CPU.Build.0 = Release|Any CPU
		{30E15AF7-0C1D-4DC6-8C48-706ACD91D20E}.Debug|Any CPU.ActiveCfg = Debug|Any CPU
		{30E15AF7-0C1D-4DC6-8C48-706ACD91D20E}.Debug|Any CPU.Build.0 = Debug|Any CPU
		{30E15AF7-0C1D-4DC6-8C48-706ACD91D20E}.Release|Any CPU.ActiveCfg = Release|Any CPU
		{30E15AF7-0C1D-4DC6-8C48-706ACD91D20E}.Release|Any CPU.Build.0 = Release|Any CPU
		{1D62238E-FFC8-4A76-A31B-36060D168F88}.Debug|Any CPU.ActiveCfg = Debug|Any CPU
		{1D62238E-FFC8-4A76-A31B-36060D168F88}.Debug|Any CPU.Build.0 = Debug|Any CPU
		{1D62238E-FFC8-4A76-A31B-36060D168F88}.Release|Any CPU.ActiveCfg = Release|Any CPU
		{1D62238E-FFC8-4A76-A31B-36060D168F88}.Release|Any CPU.Build.0 = Release|Any CPU
		{10DFAB03-B7F2-4BA9-A166-FD31C40CB0BB}.Debug|Any CPU.ActiveCfg = Debug|Any CPU
		{10DFAB03-B7F2-4BA9-A166-FD31C40CB0BB}.Debug|Any CPU.Build.0 = Debug|Any CPU
		{10DFAB03-B7F2-4BA9-A166-FD31C40CB0BB}.Release|Any CPU.ActiveCfg = Release|Any CPU
		{10DFAB03-B7F2-4BA9-A166-FD31C40CB0BB}.Release|Any CPU.Build.0 = Release|Any CPU
		{40A34062-9CAB-4BC0-A6DF-52A47A7A7FB5}.Debug|Any CPU.ActiveCfg = Debug|Any CPU
		{40A34062-9CAB-4BC0-A6DF-52A47A7A7FB5}.Debug|Any CPU.Build.0 = Debug|Any CPU
		{40A34062-9CAB-4BC0-A6DF-52A47A7A7FB5}.Release|Any CPU.ActiveCfg = Release|Any CPU
		{40A34062-9CAB-4BC0-A6DF-52A47A7A7FB5}.Release|Any CPU.Build.0 = Release|Any CPU
		{C290A4C2-15BD-4DB5-9439-3A1A20ACEB48}.Debug|Any CPU.ActiveCfg = Debug|Any CPU
		{C290A4C2-15BD-4DB5-9439-3A1A20ACEB48}.Debug|Any CPU.Build.0 = Debug|Any CPU
		{C290A4C2-15BD-4DB5-9439-3A1A20ACEB48}.Release|Any CPU.ActiveCfg = Release|Any CPU
		{C290A4C2-15BD-4DB5-9439-3A1A20ACEB48}.Release|Any CPU.Build.0 = Release|Any CPU
		{9A76FE5F-964B-4994-BD03-02FF55014CFC}.Debug|Any CPU.ActiveCfg = Debug|Any CPU
		{9A76FE5F-964B-4994-BD03-02FF55014CFC}.Debug|Any CPU.Build.0 = Debug|Any CPU
		{9A76FE5F-964B-4994-BD03-02FF55014CFC}.Release|Any CPU.ActiveCfg = Release|Any CPU
		{9A76FE5F-964B-4994-BD03-02FF55014CFC}.Release|Any CPU.Build.0 = Release|Any CPU
		{74F6B444-60DE-42C3-A883-41404D5BC0E2}.Debug|Any CPU.ActiveCfg = Debug|Any CPU
		{74F6B444-60DE-42C3-A883-41404D5BC0E2}.Debug|Any CPU.Build.0 = Debug|Any CPU
		{74F6B444-60DE-42C3-A883-41404D5BC0E2}.Release|Any CPU.ActiveCfg = Release|Any CPU
		{74F6B444-60DE-42C3-A883-41404D5BC0E2}.Release|Any CPU.Build.0 = Release|Any CPU
	EndGlobalSection
	GlobalSection(SolutionProperties) = preSolution
		HideSolutionNode = FALSE
	EndGlobalSection
	GlobalSection(NestedProjects) = preSolution
		{30E15AF7-0C1D-4DC6-8C48-706ACD91D20E} = {F657318D-AF81-465C-A53C-456B8A02E60A}
		{1D62238E-FFC8-4A76-A31B-36060D168F88} = {A221C305-C97C-4C91-8032-515B1D8801DC}
		{10DFAB03-B7F2-4BA9-A166-FD31C40CB0BB} = {A221C305-C97C-4C91-8032-515B1D8801DC}
		{40A34062-9CAB-4BC0-A6DF-52A47A7A7FB5} = {FD2F6A51-EA57-41BB-A755-A10F58B05C0A}
		{C290A4C2-15BD-4DB5-9439-3A1A20ACEB48} = {FD2F6A51-EA57-41BB-A755-A10F58B05C0A}
		{9A76FE5F-964B-4994-BD03-02FF55014CFC} = {F657318D-AF81-465C-A53C-456B8A02E60A}
		{74F6B444-60DE-42C3-A883-41404D5BC0E2} = {02D7F356-FE5E-4D54-BC61-6F79466AA748}
	EndGlobalSection
EndGlobal
